
Microsoft Visual Studio Solution File, Format Version 12.00
# Visual Studio 14
VisualStudioVersion = 14.0.25420.1
MinimumVisualStudioVersion = 10.0.40219.1
Project("{FAE04EC0-301F-11D3-BF4B-00C04F79EFBC}") = "CastleWindsorExample", "CastleWindsorExample.csproj", "{118872DA-2747-4F7F-8F42-36F8D43E03AC}"
EndProject
Project("{FAE04EC0-301F-11D3-BF4B-00C04F79EFBC}") = "ClassLibrary1", "..\ClassLibrary1\ClassLibrary1.csproj", "{5E8F0038-6429-4200-A98A-1FFA5B5B589B}"
EndProject
Global
	GlobalSection(SolutionConfigurationPlatforms) = preSolution
		Debug|Any CPU = Debug|Any CPU
		Release|Any CPU = Release|Any CPU
	EndGlobalSection
	GlobalSection(ProjectConfigurationPlatforms) = postSolution
		{118872DA-2747-4F7F-8F42-36F8D43E03AC}.Debug|Any CPU.ActiveCfg = Debug|Any CPU
		{118872DA-2747-4F7F-8F42-36F8D43E03AC}.Debug|Any CPU.Build.0 = Debug|Any CPU
		{118872DA-2747-4F7F-8F42-36F8D43E03AC}.Release|Any CPU.ActiveCfg = Release|Any CPU
		{118872DA-2747-4F7F-8F42-36F8D43E03AC}.Release|Any CPU.Build.0 = Release|Any CPU
		{5E8F0038-6429-4200-A98A-1FFA5B5B589B}.Debug|Any CPU.ActiveCfg = Debug|Any CPU
		{5E8F0038-6429-4200-A98A-1FFA5B5B589B}.Debug|Any CPU.Build.0 = Debug|Any CPU
		{5E8F0038-6429-4200-A98A-1FFA5B5B589B}.Release|Any CPU.ActiveCfg = Release|Any CPU
		{5E8F0038-6429-4200-A98A-1FFA5B5B589B}.Release|Any CPU.Build.0 = Release|Any CPU
	EndGlobalSection
	GlobalSection(SolutionProperties) = preSolution
		HideSolutionNode = FALSE
	EndGlobalSection
EndGlobal
